
Microsoft Visual Studio Solution File, Format Version 12.00
# Visual Studio 15
VisualStudioVersion = 15.0.28307.1022
MinimumVisualStudioVersion = 10.0.40219.1
Project("{FAE04EC0-301F-11D3-BF4B-00C04F79EFBC}") = "SensorProject", "SensorProject\SensorProject.csproj", "{2860F61B-5C0A-40E0-9DC0-857290C92A95}"
EndProject
Global
	GlobalSection(SolutionConfigurationPlatforms) = preSolution
		Debug|Any CPU = Debug|Any CPU
		Release|Any CPU = Release|Any CPU
	EndGlobalSection
	GlobalSection(ProjectConfigurationPlatforms) = postSolution
		{2860F61B-5C0A-40E0-9DC0-857290C92A95}.Debug|Any CPU.ActiveCfg = Debug|Any CPU
		{2860F61B-5C0A-40E0-9DC0-857290C92A95}.Debug|Any CPU.Build.0 = Debug|Any CPU
		{2860F61B-5C0A-40E0-9DC0-857290C92A95}.Release|Any CPU.ActiveCfg = Release|Any CPU
		{2860F61B-5C0A-40E0-9DC0-857290C92A95}.Release|Any CPU.Build.0 = Release|Any CPU
	EndGlobalSection
	GlobalSection(SolutionProperties) = preSolution
		HideSolutionNode = FALSE
	EndGlobalSection
	GlobalSection(ExtensibilityGlobals) = postSolution
		SolutionGuid = {65AE0FD2-9005-4A7C-8039-E85AB30D3AE9}
	EndGlobalSection
EndGlobal
